
Microsoft Visual Studio Solution File, Format Version 12.00
# Visual Studio Version 17
VisualStudioVersion = 17.3.32929.385
MinimumVisualStudioVersion = 10.0.40219.1
Project("{FAE04EC0-301F-11D3-BF4B-00C04F79EFBC}") = "FlyoutApp.Android", "FlyoutApp\FlyoutApp.Android\FlyoutApp.Android.csproj", "{4ADD8BBB-A9BD-4493-AC87-393969B8BC64}"
EndProject
Project("{FAE04EC0-301F-11D3-BF4B-00C04F79EFBC}") = "FlyoutApp.iOS", "FlyoutApp\FlyoutApp.iOS\FlyoutApp.iOS.csproj", "{72698F4E-CD76-44A5-B7C4-7695FB82FFD1}"
EndProject
Project("{FAE04EC0-301F-11D3-BF4B-00C04F79EFBC}") = "FlyoutApp", "FlyoutApp\FlyoutApp\FlyoutApp.csproj", "{C221C44A-0F42-4806-8495-81B5029E76BD}"
EndProject
Global
	GlobalSection(SolutionConfigurationPlatforms) = preSolution
		Debug|Any CPU = Debug|Any CPU
		Debug|iPhone = Debug|iPhone
		Debug|iPhoneSimulator = Debug|iPhoneSimulator
		Release|Any CPU = Release|Any CPU
		Release|iPhone = Release|iPhone
		Release|iPhoneSimulator = Release|iPhoneSimulator
	EndGlobalSection
	GlobalSection(ProjectConfigurationPlatforms) = postSolution
		{4ADD8BBB-A9BD-4493-AC87-393969B8BC64}.Debug|Any CPU.ActiveCfg = Debug|Any CPU
		{4ADD8BBB-A9BD-4493-AC87-393969B8BC64}.Debug|Any CPU.Build.0 = Debug|Any CPU
		{4ADD8BBB-A9BD-4493-AC87-393969B8BC64}.Debug|Any CPU.Deploy.0 = Debug|Any CPU
		{4ADD8BBB-A9BD-4493-AC87-393969B8BC64}.Debug|iPhone.ActiveCfg = Debug|Any CPU
		{4ADD8BBB-A9BD-4493-AC87-393969B8BC64}.Debug|iPhone.Build.0 = Debug|Any CPU
		{4ADD8BBB-A9BD-4493-AC87-393969B8BC64}.Debug|iPhone.Deploy.0 = Debug|Any CPU
		{4ADD8BBB-A9BD-4493-AC87-393969B8BC64}.Debug|iPhoneSimulator.ActiveCfg = Debug|Any CPU
		{4ADD8BBB-A9BD-4493-AC87-393969B8BC64}.Debug|iPhoneSimulator.Build.0 = Debug|Any CPU
		{4ADD8BBB-A9BD-4493-AC87-393969B8BC64}.Debug|iPhoneSimulator.Deploy.0 = Debug|Any CPU
		{4ADD8BBB-A9BD-4493-AC87-393969B8BC64}.Release|Any CPU.ActiveCfg = Release|Any CPU
		{4ADD8BBB-A9BD-4493-AC87-393969B8BC64}.Release|Any CPU.Build.0 = Release|Any CPU
		{4ADD8BBB-A9BD-4493-AC87-393969B8BC64}.Release|Any CPU.Deploy.0 = Release|Any CPU
		{4ADD8BBB-A9BD-4493-AC87-393969B8BC64}.Release|iPhone.ActiveCfg = Release|Any CPU
		{4ADD8BBB-A9BD-4493-AC87-393969B8BC64}.Release|iPhone.Build.0 = Release|Any CPU
		{4ADD8BBB-A9BD-4493-AC87-393969B8BC64}.Release|iPhone.Deploy.0 = Release|Any CPU
		{4ADD8BBB-A9BD-4493-AC87-393969B8BC64}.Release|iPhoneSimulator.ActiveCfg = Release|Any CPU
		{4ADD8BBB-A9BD-4493-AC87-393969B8BC64}.Release|iPhoneSimulator.Build.0 = Release|Any CPU
		{4ADD8BBB-A9BD-4493-AC87-393969B8BC64}.Release|iPhoneSimulator.Deploy.0 = Release|Any CPU
		{72698F4E-CD76-44A5-B7C4-7695FB82FFD1}.Debug|Any CPU.ActiveCfg = Debug|iPhone
		{72698F4E-CD76-44A5-B7C4-7695FB82FFD1}.Debug|Any CPU.Build.0 = Debug|iPhone
		{72698F4E-CD76-44A5-B7C4-7695FB82FFD1}.Debug|Any CPU.Deploy.0 = Debug|iPhone
		{72698F4E-CD76-44A5-B7C4-7695FB82FFD1}.Debug|iPhone.ActiveCfg = Debug|iPhone
		{72698F4E-CD76-44A5-B7C4-7695FB82FFD1}.Debug|iPhone.Build.0 = Debug|iPhone
		{72698F4E-CD76-44A5-B7C4-7695FB82FFD1}.Debug|iPhone.Deploy.0 = Debug|iPhone
		{72698F4E-CD76-44A5-B7C4-7695FB82FFD1}.Debug|iPhoneSimulator.ActiveCfg = Debug|iPhoneSimulator
		{72698F4E-CD76-44A5-B7C4-7695FB82FFD1}.Debug|iPhoneSimulator.Build.0 = Debug|iPhoneSimulator
		{72698F4E-CD76-44A5-B7C4-7695FB82FFD1}.Debug|iPhoneSimulator.Deploy.0 = Debug|iPhoneSimulator
		{72698F4E-CD76-44A5-B7C4-7695FB82FFD1}.Release|Any CPU.ActiveCfg = Release|iPhoneSimulator
		{72698F4E-CD76-44A5-B7C4-7695FB82FFD1}.Release|Any CPU.Build.0 = Release|iPhoneSimulator
		{72698F4E-CD76-44A5-B7C4-7695FB82FFD1}.Release|Any CPU.Deploy.0 = Release|iPhoneSimulator
		{72698F4E-CD76-44A5-B7C4-7695FB82FFD1}.Release|iPhone.ActiveCfg = Release|iPhone
		{72698F4E-CD76-44A5-B7C4-7695FB82FFD1}.Release|iPhone.Build.0 = Release|iPhone
		{72698F4E-CD76-44A5-B7C4-7695FB82FFD1}.Release|iPhone.Deploy.0 = Release|iPhone
		{72698F4E-CD76-44A5-B7C4-7695FB82FFD1}.Release|iPhoneSimulator.ActiveCfg = Release|iPhoneSimulator
		{72698F4E-CD76-44A5-B7C4-7695FB82FFD1}.Release|iPhoneSimulator.Build.0 = Release|iPhoneSimulator
		{72698F4E-CD76-44A5-B7C4-7695FB82FFD1}.Release|iPhoneSimulator.Deploy.0 = Release|iPhoneSimulator
		{C221C44A-0F42-4806-8495-81B5029E76BD}.Debug|Any CPU.ActiveCfg = Debug|Any CPU
		{C221C44A-0F42-4806-8495-81B5029E76BD}.Debug|Any CPU.Build.0 = Debug|Any CPU
		{C221C44A-0F42-4806-8495-81B5029E76BD}.Debug|Any CPU.Deploy.0 = Debug|Any CPU
		{C221C44A-0F42-4806-8495-81B5029E76BD}.Debug|iPhone.ActiveCfg = Debug|Any CPU
		{C221C44A-0F42-4806-8495-81B5029E76BD}.Debug|iPhone.Build.0 = Debug|Any CPU
		{C221C44A-0F42-4806-8495-81B5029E76BD}.Debug|iPhone.Deploy.0 = Debug|Any CPU
		{C221C44A-0F42-4806-8495-81B5029E76BD}.Debug|iPhoneSimulator.ActiveCfg = Debug|Any CPU
		{C221C44A-0F42-4806-8495-81B5029E76BD}.Debug|iPhoneSimulator.Build.0 = Debug|Any CPU
		{C221C44A-0F42-4806-8495-81B5029E76BD}.Debug|iPhoneSimulator.Deploy.0 = Debug|Any CPU
		{C221C44A-0F42-4806-8495-81B5029E76BD}.Release|Any CPU.ActiveCfg = Release|Any CPU
		{C221C44A-0F42-4806-8495-81B5029E76BD}.Release|Any CPU.Build.0 = Release|Any CPU
		{C221C44A-0F42-4806-8495-81B5029E76BD}.Release|Any CPU.Deploy.0 = Release|Any CPU
		{C221C44A-0F42-4806-8495-81B5029E76BD}.Release|iPhone.ActiveCfg = Release|Any CPU
		{C221C44A-0F42-4806-8495-81B5029E76BD}.Release|iPhone.Build.0 = Release|Any CPU
		{C221C44A-0F42-4806-8495-81B5029E76BD}.Release|iPhone.Deploy.0 = Release|Any CPU
		{C221C44A-0F42-4806-8495-81B5029E76BD}.Release|iPhoneSimulator.ActiveCfg = Release|Any CPU
		{C221C44A-0F42-4806-8495-81B5029E76BD}.Release|iPhoneSimulator.Build.0 = Release|Any CPU
		{C221C44A-0F42-4806-8495-81B5029E76BD}.Release|iPhoneSimulator.Deploy.0 = Release|Any CPU
	EndGlobalSection
	GlobalSection(SolutionProperties) = preSolution
		HideSolutionNode = FALSE
	EndGlobalSection
	GlobalSection(ExtensibilityGlobals) = postSolution
		SolutionGuid = {C3B1F354-019D-47F8-8453-B980F96145BE}
	EndGlobalSection
EndGlobal
